
Microsoft Visual Studio Solution File, Format Version 12.00
# Visual Studio Version 16
VisualStudioVersion = 16.0.30804.86
MinimumVisualStudioVersion = 10.0.40219.1
Project("{FAE04EC0-301F-11D3-BF4B-00C04F79EFBC}") = "Calisma_RadioButtonKullanimi2", "Calisma_RadioButtonKullanimi2\Calisma_RadioButtonKullanimi2.csproj", "{6CE1CE94-736E-415A-8F5C-2F8A3C5455C0}"
EndProject
Global
	GlobalSection(SolutionConfigurationPlatforms) = preSolution
		Debug|Any CPU = Debug|Any CPU
		Release|Any CPU = Release|Any CPU
	EndGlobalSection
	GlobalSection(ProjectConfigurationPlatforms) = postSolution
		{6CE1CE94-736E-415A-8F5C-2F8A3C5455C0}.Debug|Any CPU.ActiveCfg = Debug|Any CPU
		{6CE1CE94-736E-415A-8F5C-2F8A3C5455C0}.Debug|Any CPU.Build.0 = Debug|Any CPU
		{6CE1CE94-736E-415A-8F5C-2F8A3C5455C0}.Release|Any CPU.ActiveCfg = Release|Any CPU
		{6CE1CE94-736E-415A-8F5C-2F8A3C5455C0}.Release|Any CPU.Build.0 = Release|Any CPU
	EndGlobalSection
	GlobalSection(SolutionProperties) = preSolution
		HideSolutionNode = FALSE
	EndGlobalSection
	GlobalSection(ExtensibilityGlobals) = postSolution
		SolutionGuid = {531AC149-1229-481F-9111-536C91AD0CDD}
	EndGlobalSection
EndGlobal
